// !$*UTF8*$!
{
	archiveVersion = 1;
	classes = {
	};
	objectVersion = 50;
	objects = {

/* Begin PBXBuildFile section */
		AB02265722319A7E00872D8C /* AppDelegate.swift in Sources */ = {isa = PBXBuildFile; fileRef = AB02265622319A7E00872D8C /* AppDelegate.swift */; };
		AB02265C22319A7E00872D8C /* Main.storyboard in Resources */ = {isa = PBXBuildFile; fileRef = AB02265A22319A7E00872D8C /* Main.storyboard */; };
		AB02265E22319A8000872D8C /* Assets.xcassets in Resources */ = {isa = PBXBuildFile; fileRef = AB02265D22319A8000872D8C /* Assets.xcassets */; };
		AB02266122319A8000872D8C /* LaunchScreen.storyboard in Resources */ = {isa = PBXBuildFile; fileRef = AB02265F22319A8000872D8C /* LaunchScreen.storyboard */; };
		AB0684A12232D02500D7212E /* PlaceAnnotation.swift in Sources */ = {isa = PBXBuildFile; fileRef = AB0684A02232D02500D7212E /* PlaceAnnotation.swift */; };
		ABE46C1B22319E1500FAA733 /* PlacesTableViewController.swift in Sources */ = {isa = PBXBuildFile; fileRef = ABE46C1A22319E1500FAA733 /* PlacesTableViewController.swift */; };
		ABE46C1D22319E8B00FAA733 /* PlaceFinderViewController.swift in Sources */ = {isa = PBXBuildFile; fileRef = ABE46C1C22319E8B00FAA733 /* PlaceFinderViewController.swift */; };
		ABE46C1F2231AED700FAA733 /* MapViewController.swift in Sources */ = {isa = PBXBuildFile; fileRef = ABE46C1E2231AED700FAA733 /* MapViewController.swift */; };
		ABE46C212232952200FAA733 /* Place.swift in Sources */ = {isa = PBXBuildFile; fileRef = ABE46C202232952200FAA733 /* Place.swift */; };
/* End PBXBuildFile section */

/* Begin PBXFileReference section */
		AB02265322319A7E00872D8C /* QueroConhecer.app */ = {isa = PBXFileReference; explicitFileType = wrapper.application; includeInIndex = 0; path = QueroConhecer.app; sourceTree = BUILT_PRODUCTS_DIR; };
		AB02265622319A7E00872D8C /* AppDelegate.swift */ = {isa = PBXFileReference; lastKnownFileType = sourcecode.swift; path = AppDelegate.swift; sourceTree = "<group>"; };
		AB02265B22319A7E00872D8C /* Base */ = {isa = PBXFileReference; lastKnownFileType = file.storyboard; name = Base; path = Base.lproj/Main.storyboard; sourceTree = "<group>"; };
		AB02265D22319A8000872D8C /* Assets.xcassets */ = {isa = PBXFileReference; lastKnownFileType = folder.assetcatalog; path = Assets.xcassets; sourceTree = "<group>"; };
		AB02266022319A8000872D8C /* Base */ = {isa = PBXFileReference; lastKnownFileType = file.storyboard; name = Base; path = Base.lproj/LaunchScreen.storyboard; sourceTree = "<group>"; };
		AB02266222319A8000872D8C /* Info.plist */ = {isa = PBXFileReference; lastKnownFileType = text.plist.xml; path = Info.plist; sourceTree = "<group>"; };
		AB0684A02232D02500D7212E /* PlaceAnnotation.swift */ = {isa = PBXFileReference; lastKnownFileType = sourcecode.swift; path = PlaceAnnotation.swift; sourceTree = "<group>"; };
		ABE46C1A22319E1500FAA733 /* PlacesTableViewController.swift */ = {isa = PBXFileReference; lastKnownFileType = sourcecode.swift; path = PlacesTableViewController.swift; sourceTree = "<group>"; };
		ABE46C1C22319E8B00FAA733 /* PlaceFinderViewController.swift */ = {isa = PBXFileReference; lastKnownFileType = sourcecode.swift; path = PlaceFinderViewController.swift; sourceTree = "<group>"; };
		ABE46C1E2231AED700FAA733 /* MapViewController.swift */ = {isa = PBXFileReference; lastKnownFileType = sourcecode.swift; path = MapViewController.swift; sourceTree = "<group>"; };
		ABE46C202232952200FAA733 /* Place.swift */ = {isa = PBXFileReference; lastKnownFileType = sourcecode.swift; path = Place.swift; sourceTree = "<group>"; };
/* End PBXFileReference section */

/* Begin PBXFrameworksBuildPhase section */
		AB02265022319A7E00872D8C /* Frameworks */ = {
			isa = PBXFrameworksBuildPhase;
			buildActionMask = 2147483647;
			files = (
			);
			runOnlyForDeploymentPostprocessing = 0;
		};
/* End PBXFrameworksBuildPhase section */

/* Begin PBXGroup section */
		AB02264A22319A7E00872D8C = {
			isa = PBXGroup;
			children = (
				AB02265522319A7E00872D8C /* QueroConhecer */,
				AB02265422319A7E00872D8C /* Products */,
			);
			sourceTree = "<group>";
		};
		AB02265422319A7E00872D8C /* Products */ = {
			isa = PBXGroup;
			children = (
				AB02265322319A7E00872D8C /* QueroConhecer.app */,
			);
			name = Products;
			sourceTree = "<group>";
		};
		AB02265522319A7E00872D8C /* QueroConhecer */ = {
			isa = PBXGroup;
			children = (
				AB02265D22319A8000872D8C /* Assets.xcassets */,
				AB02265622319A7E00872D8C /* AppDelegate.swift */,
				ABE46C222232952900FAA733 /* Model */,
				AB02266B22319CBE00872D8C /* View */,
				AB02266A22319CB200872D8C /* Controller */,
				AB02266222319A8000872D8C /* Info.plist */,
			);
			path = QueroConhecer;
			sourceTree = "<group>";
		};
		AB02266A22319CB200872D8C /* Controller */ = {
			isa = PBXGroup;
			children = (
				ABE46C1A22319E1500FAA733 /* PlacesTableViewController.swift */,
				ABE46C1C22319E8B00FAA733 /* PlaceFinderViewController.swift */,
				ABE46C1E2231AED700FAA733 /* MapViewController.swift */,
			);
			path = Controller;
			sourceTree = "<group>";
		};
		AB02266B22319CBE00872D8C /* View */ = {
			isa = PBXGroup;
			children = (
				AB02265A22319A7E00872D8C /* Main.storyboard */,
				AB02265F22319A8000872D8C /* LaunchScreen.storyboard */,
			);
			path = View;
			sourceTree = "<group>";
		};
		ABE46C222232952900FAA733 /* Model */ = {
			isa = PBXGroup;
			children = (
				AB0684A02232D02500D7212E /* PlaceAnnotation.swift */,
				ABE46C202232952200FAA733 /* Place.swift */,
			);
			path = Model;
			sourceTree = "<group>";
		};
/* End PBXGroup section */

/* Begin PBXNativeTarget section */
		AB02265222319A7E00872D8C /* QueroConhecer */ = {
			isa = PBXNativeTarget;
			buildConfigurationList = AB02266522319A8000872D8C /* Build configuration list for PBXNativeTarget "QueroConhecer" */;
			buildPhases = (
				AB02264F22319A7E00872D8C /* Sources */,
				AB02265022319A7E00872D8C /* Frameworks */,
				AB02265122319A7E00872D8C /* Resources */,
			);
			buildRules = (
			);
			dependencies = (
			);
			name = QueroConhecer;
			productName = QueroConhecer;
			productReference = AB02265322319A7E00872D8C /* QueroConhecer.app */;
			productType = "com.apple.product-type.application";
		};
/* End PBXNativeTarget section */

/* Begin PBXProject section */
		AB02264B22319A7E00872D8C /* Project object */ = {
			isa = PBXProject;
			attributes = {
				LastSwiftUpdateCheck = 1010;
				LastUpgradeCheck = 1010;
				ORGANIZATIONNAME = "Jonathan Gomes";
				TargetAttributes = {
					AB02265222319A7E00872D8C = {
						CreatedOnToolsVersion = 10.1;
					};
				};
			};
			buildConfigurationList = AB02264E22319A7E00872D8C /* Build configuration list for PBXProject "QueroConhecer" */;
			compatibilityVersion = "Xcode 9.3";
			developmentRegion = en;
			hasScannedForEncodings = 0;
			knownRegions = (
				en,
				Base,
			);
			mainGroup = AB02264A22319A7E00872D8C;
			productRefGroup = AB02265422319A7E00872D8C /* Products */;
			projectDirPath = "";
			projectRoot = "";
			targets = (
				AB02265222319A7E00872D8C /* QueroConhecer */,
			);
		};
/* End PBXProject section */

/* Begin PBXResourcesBuildPhase section */
		AB02265122319A7E00872D8C /* Resources */ = {
			isa = PBXResourcesBuildPhase;
			buildActionMask = 2147483647;
			files = (
				AB02266122319A8000872D8C /* LaunchScreen.storyboard in Resources */,
				AB02265E22319A8000872D8C /* Assets.xcassets in Resources */,
				AB02265C22319A7E00872D8C /* Main.storyboard in Resources */,
			);
			runOnlyForDeploymentPostprocessing = 0;
		};
/* End PBXResourcesBuildPhase section */

/* Begin PBXSourcesBuildPhase section */
		AB02264F22319A7E00872D8C /* Sources */ = {
			isa = PBXSourcesBuildPhase;
			buildActionMask = 2147483647;
			files = (
				ABE46C1D22319E8B00FAA733 /* PlaceFinderViewController.swift in Sources */,
				AB02265722319A7E00872D8C /* AppDelegate.swift in Sources */,
				ABE46C1B22319E1500FAA733 /* PlacesTableViewController.swift in Sources */,
				ABE46C1F2231AED700FAA733 /* MapViewController.swift in Sources */,
				AB0684A12232D02500D7212E /* PlaceAnnotation.swift in Sources */,
				ABE46C212232952200FAA733 /* Place.swift in Sources */,
			);
			runOnlyForDeploymentPostprocessing = 0;
		};
/* End PBXSourcesBuildPhase section */

/* Begin PBXVariantGroup section */
		AB02265A22319A7E00872D8C /* Main.storyboard */ = {
			isa = PBXVariantGroup;
			children = (
				AB02265B22319A7E00872D8C /* Base */,
			);
			name = Main.storyboard;
			sourceTree = "<group>";
		};
		AB02265F22319A8000872D8C /* LaunchScreen.storyboard */ = {
			isa = PBXVariantGroup;
			children = (
				AB02266022319A8000872D8C /* Base */,
			);
			name = LaunchScreen.storyboard;
			sourceTree = "<group>";
		};
/* End PBXVariantGroup section */

/* Begin XCBuildConfiguration section */
		AB02266322319A8000872D8C /* Debug */ = {
			isa = XCBuildConfiguration;
			buildSettings = {
				ALWAYS_SEARCH_USER_PATHS = NO;
				CLANG_ANALYZER_NONNULL = YES;
				CLANG_ANALYZER_NUMBER_OBJECT_CONVERSION = YES_AGGRESSIVE;
				CLANG_CXX_LANGUAGE_STANDARD = "gnu++14";
				CLANG_CXX_LIBRARY = "libc++";
				CLANG_ENABLE_MODULES = YES;
				CLANG_ENABLE_OBJC_ARC = YES;
				CLANG_ENABLE_OBJC_WEAK = YES;
				CLANG_WARN_BLOCK_CAPTURE_AUTORELEASING = YES;
				CLANG_WARN_BOOL_CONVERSION = YES;
				CLANG_WARN_COMMA = YES;
				CLANG_WARN_CONSTANT_CONVERSION = YES;
				CLANG_WARN_DEPRECATED_OBJC_IMPLEMENTATIONS = YES;
				CLANG_WARN_DIRECT_OBJC_ISA_USAGE = YES_ERROR;
				CLANG_WARN_DOCUMENTATION_COMMENTS = YES;
				CLANG_WARN_EMPTY_BODY = YES;
				CLANG_WARN_ENUM_CONVERSION = YES;
				CLANG_WARN_INFINITE_RECURSION = YES;
				CLANG_WARN_INT_CONVERSION = YES;
				CLANG_WARN_NON_LITERAL_NULL_CONVERSION = YES;
				CLANG_WARN_OBJC_IMPLICIT_RETAIN_SELF = YES;
				CLANG_WARN_OBJC_LITERAL_CONVERSION = YES;
				CLANG_WARN_OBJC_ROOT_CLASS = YES_ERROR;
				CLANG_WARN_RANGE_LOOP_ANALYSIS = YES;
				CLANG_WARN_STRICT_PROTOTYPES = YES;
				CLANG_WARN_SUSPICIOUS_MOVE = YES;
				CLANG_WARN_UNGUARDED_AVAILABILITY = YES_AGGRESSIVE;
				CLANG_WARN_UNREACHABLE_CODE = YES;
				CLANG_WARN__DUPLICATE_METHOD_MATCH = YES;
				CODE_SIGN_IDENTITY = "iPhone Developer";
				COPY_PHASE_STRIP = NO;
				DEBUG_INFORMATION_FORMAT = dwarf;
				ENABLE_STRICT_OBJC_MSGSEND = YES;
				ENABLE_TESTABILITY = YES;
				GCC_C_LANGUAGE_STANDARD = gnu11;
				GCC_DYNAMIC_NO_PIC = NO;
				GCC_NO_COMMON_BLOCKS = YES;
				GCC_OPTIMIZATION_LEVEL = 0;
				GCC_PREPROCESSOR_DEFINITIONS = (
					"DEBUG=1",
					"$(inherited)",
				);
				GCC_WARN_64_TO_32_BIT_CONVERSION = YES;
				GCC_WARN_ABOUT_RETURN_TYPE = YES_ERROR;
				GCC_WARN_UNDECLARED_SELECTOR = YES;
				GCC_WARN_UNINITIALIZED_AUTOS = YES_AGGRESSIVE;
				GCC_WARN_UNUSED_FUNCTION = YES;
				GCC_WARN_UNUSED_VARIABLE = YES;
				IPHONEOS_DEPLOYMENT_TARGET = 12.1;
				MTL_ENABLE_DEBUG_INFO = INCLUDE_SOURCE;
				MTL_FAST_MATH = YES;
				ONLY_ACTIVE_ARCH = YES;
				SDKROOT = iphoneos;
				SWIFT_ACTIVE_COMPILATION_CONDITIONS = DEBUG;
				SWIFT_OPTIMIZATION_LEVEL = "-Onone";
			};
			name = Debug;
		};
		AB02266422319A8000872D8C /* Release */ = {
			isa = XCBuildConfiguration;
			buildSettings = {
				ALWAYS_SEARCH_USER_PATHS = NO;
				CLANG_ANALYZER_NONNULL = YES;
				CLANG_ANALYZER_NUMBER_OBJECT_CONVERSION = YES_AGGRESSIVE;
				CLANG_CXX_LANGUAGE_STANDARD = "gnu++14";
				CLANG_CXX_LIBRARY = "libc++";
				CLANG_ENABLE_MODULES = YES;
				CLANG_ENABLE_OBJC_ARC = YES;
				CLANG_ENABLE_OBJC_WEAK = YES;
				CLANG_WARN_BLOCK_CAPTURE_AUTORELEASING = YES;
				CLANG_WARN_BOOL_CONVERSION = YES;
				CLANG_WARN_COMMA = YES;
				CLANG_WARN_CONSTANT_CONVERSION = YES;
				CLANG_WARN_DEPRECATED_OBJC_IMPLEMENTATIONS = YES;
				CLANG_WARN_DIRECT_OBJC_ISA_USAGE = YES_ERROR;
				CLANG_WARN_DOCUMENTATION_COMMENTS = YES;
				CLANG_WARN_EMPTY_BODY = YES;
				CLANG_WARN_ENUM_CONVERSION = YES;
				CLANG_WARN_INFINITE_RECURSION = YES;
				CLANG_WARN_INT_CONVERSION = YES;
				CLANG_WARN_NON_LITERAL_NULL_CONVERSION = YES;
				CLANG_WARN_OBJC_IMPLICIT_RETAIN_SELF = YES;
				CLANG_WARN_OBJC_LITERAL_CONVERSION = YES;
				CLANG_WARN_OBJC_ROOT_CLASS = YES_ERROR;
				CLANG_WARN_RANGE_LOOP_ANALYSIS = YES;
				CLANG_WARN_STRICT_PROTOTYPES = YES;
				CLANG_WARN_SUSPICIOUS_MOVE = YES;
				CLANG_WARN_UNGUARDED_AVAILABILITY = YES_AGGRESSIVE;
				CLANG_WARN_UNREACHABLE_CODE = YES;
				CLANG_WARN__DUPLICATE_METHOD_MATCH = YES;
				CODE_SIGN_IDENTITY = "iPhone Developer";
				COPY_PHASE_STRIP = NO;
				DEBUG_INFORMATION_FORMAT = "dwarf-with-dsym";
				ENABLE_NS_ASSERTIONS = NO;
				ENABLE_STRICT_OBJC_MSGSEND = YES;
				GCC_C_LANGUAGE_STANDARD = gnu11;
				GCC_NO_COMMON_BLOCKS = YES;
				GCC_WARN_64_TO_32_BIT_CONVERSION = YES;
				GCC_WARN_ABOUT_RETURN_TYPE = YES_ERROR;
				GCC_WARN_UNDECLARED_SELECTOR = YES;
				GCC_WARN_UNINITIALIZED_AUTOS = YES_AGGRESSIVE;
				GCC_WARN_UNUSED_FUNCTION = YES;
				GCC_WARN_UNUSED_VARIABLE = YES;
				IPHONEOS_DEPLOYMENT_TARGET = 12.1;
				MTL_ENABLE_DEBUG_INFO = NO;
				MTL_FAST_MATH = YES;
				SDKROOT = iphoneos;
				SWIFT_COMPILATION_MODE = wholemodule;
				SWIFT_OPTIMIZATION_LEVEL = "-O";
				VALIDATE_PRODUCT = YES;
			};
			name = Release;
		};
		AB02266622319A8000872D8C /* Debug */ = {
			isa = XCBuildConfiguration;
			buildSettings = {
				ASSETCATALOG_COMPILER_APPICON_NAME = AppIcon;
				CODE_SIGN_STYLE = Automatic;
				INFOPLIST_FILE = QueroConhecer/Info.plist;
				LD_RUNPATH_SEARCH_PATHS = (
					"$(inherited)",
					"@executable_path/Frameworks",
				);
				PRODUCT_BUNDLE_IDENTIFIER = com.gomes.jonathan.QueroConhecer;
				PRODUCT_NAME = "$(TARGET_NAME)";
				SWIFT_VERSION = 4.2;
				TARGETED_DEVICE_FAMILY = 1;
			};
			name = Debug;
		};
		AB02266722319A8000872D8C /* Release */ = {
			isa = XCBuildConfiguration;
			buildSettings = {
				ASSETCATALOG_COMPILER_APPICON_NAME = AppIcon;
				CODE_SIGN_STYLE = Automatic;
				INFOPLIST_FILE = QueroConhecer/Info.plist;
				LD_RUNPATH_SEARCH_PATHS = (
					"$(inherited)",
					"@executable_path/Frameworks",
				);
				PRODUCT_BUNDLE_IDENTIFIER = com.gomes.jonathan.QueroConhecer;
				PRODUCT_NAME = "$(TARGET_NAME)";
				SWIFT_VERSION = 4.2;
				TARGETED_DEVICE_FAMILY = 1;
			};
			name = Release;
		};
/* End XCBuildConfiguration section */

/* Begin XCConfigurationList section */
		AB02264E22319A7E00872D8C /* Build configuration list for PBXProject "QueroConhecer" */ = {
			isa = XCConfigurationList;
			buildConfigurations = (
				AB02266322319A8000872D8C /* Debug */,
				AB02266422319A8000872D8C /* Release */,
			);
			defaultConfigurationIsVisible = 0;
			defaultConfigurationName = Release;
		};
		AB02266522319A8000872D8C /* Build configuration list for PBXNativeTarget "QueroConhecer" */ = {
			isa = XCConfigurationList;
			buildConfigurations = (
				AB02266622319A8000872D8C /* Debug */,
				AB02266722319A8000872D8C /* Release */,
			);
			defaultConfigurationIsVisible = 0;
			defaultConfigurationName = Release;
		};
/* End XCConfigurationList section */
	};
	rootObject = AB02264B22319A7E00872D8C /* Project object */;
}
